<?xml version="1.0" encoding="utf-8"?>
<Project ToolsVersion="4.0" xmlns="http://schemas.microsoft.com/developer/msbuild/2003">
  <ItemGroup>
    <Filter Include="Source Files">
      <UniqueIdentifier>{4FC737F1-C7A5-4376-A066-2A32D752A2FF}</UniqueIdentifier>
      <Extensions>cpp;c;cc;cxx;def;odl;idl;hpj;bat;asm;asmx</Extensions>
    </Filter>
    <Filter Include="Header Files">
      <UniqueIdentifier>{93995380-89BD-4b04-88EB-625FBE52EBFB}</UniqueIdentifier>
      <Extensions>h;hh;hpp;hxx;hm;inl;inc;xsd</Extensions>
    </Filter>
    <Filter Include="Resource Files">
      <UniqueIdentifier>{67DA6AB6-F800-4c08-8B7A-83BB121AAD01}</UniqueIdentifier>
      <Extensions>rc;ico;cur;bmp;dlg;rc2;rct;bin;rgs;gif;jpg;jpeg;jpe;resx;tiff;tif;png;wav;mfcribbon-ms</Extensions>
    </Filter>
    <Filter Include="Resource Files\shaders">
      <UniqueIdentifier>{8c733ab4-5a84-4fc5-8722-f05de2ac6394}</UniqueIdentifier>
    </Filter>
    <Filter Include="Shader">
      <UniqueIdentifier>{9008f8fe-6cb3-4d13-b1f7-1c38e070a3cc}</UniqueIdentifier>
    </Filter>
    <Filter Include="Texture_loader">
      <UniqueIdentifier>{d13a4938-bed6-4bbd-85ac-265e2b4a4749}</UniqueIdentifier>
    </Filter>
    <Filter Include="Shapes">
      <UniqueIdentifier>{2adf2445-b0c0-4dc7-b901-a07b4c0b974d}</UniqueIdentifier>
    </Filter>
  </ItemGroup>
  <ItemGroup>
    <ClCompile Include="main.cpp">
      <Filter>Source Files</Filter>
    </ClCompile>
    <ClCompile Include="glad.c">
      <Filter>Source Files</Filter>
    </ClCompile>
    <ClCompile Include="Shader\Shader.cpp">
      <Filter>Shader</Filter>
    </ClCompile>
    <ClCompile Include="Camera\fpcamera.cpp">
      <Filter>Source Files</Filter>
    </ClCompile>
    <ClCompile Include="Shapes\cube.cpp">
      <Filter>Shapes</Filter>
    </ClCompile>
    <ClCompile Include="mesh.cpp">
      <Filter>Source Files</Filter>
    </ClCompile>
    <ClCompile Include="model.cpp">
      <Filter>Source Files</Filter>
    </ClCompile>
    <ClCompile Include="Texture_loader\stb_image.c">
      <Filter>Texture_loader</Filter>
    </ClCompile>
  </ItemGroup>
  <ItemGroup>
    <None Include="Resources\shaders\FragmentShader.fs">
      <Filter>Resource Files\shaders</Filter>
    </None>
    <None Include="Resources\shaders\VertexShader.vs">
      <Filter>Resource Files\shaders</Filter>
    </None>
    <None Include="Resources\shaders\model_loading.fs">
      <Filter>Resource Files\shaders</Filter>
    </None>
    <None Include="Resources\shaders\model_loading.vs">
      <Filter>Resource Files\shaders</Filter>
    </None>
    <None Include="Resources\shaders\Model_light.fs">
      <Filter>Resource Files\shaders</Filter>
    </None>
    <None Include="Resources\shaders\Model_light.vs">
      <Filter>Resource Files\shaders</Filter>
    </None>
  </ItemGroup>
  <ItemGroup>
    <ClInclude Include="Shader\Shader.h">
      <Filter>Shader</Filter>
    </ClInclude>
    <ClInclude Include="Camera\EulerCamera.h">
      <Filter>Header Files</Filter>
    </ClInclude>
    <ClInclude Include="Shapes\cube.h">
      <Filter>Shapes</Filter>
    </ClInclude>
    <ClInclude Include="mesh.h">
      <Filter>Header Files</Filter>
    </ClInclude>
    <ClInclude Include="model.h">
      <Filter>Header Files</Filter>
    </ClInclude>
    <ClInclude Include="Texture_loader\stb_image.h">
      <Filter>Texture_loader</Filter>
    </ClInclude>
  </ItemGroup>
</Project>